
Microsoft Visual Studio Solution File, Format Version 12.00
# Visual Studio Version 17
VisualStudioVersion = 17.10.34928.147
MinimumVisualStudioVersion = 10.0.40219.1
Project("{FAE04EC0-301F-11D3-BF4B-00C04F79EFBC}") = "P01_StudentSystem", "P01_StudentSystem\P01_StudentSystem.csproj", "{E90E008D-9EAC-4728-8E1B-7BFFC0E87371}"
EndProject
Project("{FAE04EC0-301F-11D3-BF4B-00C04F79EFBC}") = "P01_StudentSystem.Data", "P01_StudentSystem.Data\P01_StudentSystem.Data.csproj", "{1A579C04-C80C-4F2B-9CB7-B0E41B770D5F}"
EndProject
Project("{FAE04EC0-301F-11D3-BF4B-00C04F79EFBC}") = "P01_StudentSystem.Data.Models", "P01_StudentSystem.Data.Models\P01_StudentSystem.Data.Models.csproj", "{A55E04E6-A169-4C5A-AD25-1CB2ABA11D4C}"
EndProject
Global
	GlobalSection(SolutionConfigurationPlatforms) = preSolution
		Debug|Any CPU = Debug|Any CPU
		Release|Any CPU = Release|Any CPU
	EndGlobalSection
	GlobalSection(ProjectConfigurationPlatforms) = postSolution
		{E90E008D-9EAC-4728-8E1B-7BFFC0E87371}.Debug|Any CPU.ActiveCfg = Debug|Any CPU
		{E90E008D-9EAC-4728-8E1B-7BFFC0E87371}.Debug|Any CPU.Build.0 = Debug|Any CPU
		{E90E008D-9EAC-4728-8E1B-7BFFC0E87371}.Release|Any CPU.ActiveCfg = Release|Any CPU
		{E90E008D-9EAC-4728-8E1B-7BFFC0E87371}.Release|Any CPU.Build.0 = Release|Any CPU
		{1A579C04-C80C-4F2B-9CB7-B0E41B770D5F}.Debug|Any CPU.ActiveCfg = Debug|Any CPU
		{1A579C04-C80C-4F2B-9CB7-B0E41B770D5F}.Debug|Any CPU.Build.0 = Debug|Any CPU
		{1A579C04-C80C-4F2B-9CB7-B0E41B770D5F}.Release|Any CPU.ActiveCfg = Release|Any CPU
		{1A579C04-C80C-4F2B-9CB7-B0E41B770D5F}.Release|Any CPU.Build.0 = Release|Any CPU
		{A55E04E6-A169-4C5A-AD25-1CB2ABA11D4C}.Debug|Any CPU.ActiveCfg = Debug|Any CPU
		{A55E04E6-A169-4C5A-AD25-1CB2ABA11D4C}.Debug|Any CPU.Build.0 = Debug|Any CPU
		{A55E04E6-A169-4C5A-AD25-1CB2ABA11D4C}.Release|Any CPU.ActiveCfg = Release|Any CPU
		{A55E04E6-A169-4C5A-AD25-1CB2ABA11D4C}.Release|Any CPU.Build.0 = Release|Any CPU
	EndGlobalSection
	GlobalSection(SolutionProperties) = preSolution
		HideSolutionNode = FALSE
	EndGlobalSection
	GlobalSection(ExtensibilityGlobals) = postSolution
		SolutionGuid = {917FF8A3-D5C7-4BDB-984A-480E4B792603}
	EndGlobalSection
EndGlobal
