
Microsoft Visual Studio Solution File, Format Version 12.00
# Visual Studio Version 17
VisualStudioVersion = 17.10.34928.147
MinimumVisualStudioVersion = 10.0.40219.1
Project("{FAE04EC0-301F-11D3-BF4B-00C04F79EFBC}") = "01. Count Chars in a String", "01. Count Chars in a String\01. Count Chars in a String.csproj", "{B8423CA7-BF70-4C47-92ED-59B61EA36390}"
EndProject
Project("{FAE04EC0-301F-11D3-BF4B-00C04F79EFBC}") = "02. A Miner Task", "02. A Miner Task\02. A Miner Task.csproj", "{FFAFE269-C948-4772-A8ED-75DDB392CDEF}"
EndProject
Project("{FAE04EC0-301F-11D3-BF4B-00C04F79EFBC}") = "03. Orders", "03. Orders\03. Orders.csproj", "{57D740D1-4814-4D72-8F9B-A2CB575DE35F}"
EndProject
Project("{FAE04EC0-301F-11D3-BF4B-00C04F79EFBC}") = "04. SoftUni Parking", "04. SoftUni Parking\04. SoftUni Parking.csproj", "{383B4BC5-6EF0-452D-B5C0-2C1DA4ED02FC}"
EndProject
Project("{FAE04EC0-301F-11D3-BF4B-00C04F79EFBC}") = "05. Courses", "05. Courses\05. Courses.csproj", "{CADAF5B6-9BAC-47CA-8087-BC8A83B8D529}"
EndProject
Project("{FAE04EC0-301F-11D3-BF4B-00C04F79EFBC}") = "06. Student Academy", "06. Student Academy\06. Student Academy.csproj", "{C4C90C68-FB3D-4A02-B97B-31C2E503FC4E}"
EndProject
Project("{FAE04EC0-301F-11D3-BF4B-00C04F79EFBC}") = "07. Company Users", "07. Company Users\07. Company Users.csproj", "{81476FCD-2704-49C4-A4F7-F4EDB38FE21A}"
EndProject
Global
	GlobalSection(SolutionConfigurationPlatforms) = preSolution
		Debug|Any CPU = Debug|Any CPU
		Release|Any CPU = Release|Any CPU
	EndGlobalSection
	GlobalSection(ProjectConfigurationPlatforms) = postSolution
		{B8423CA7-BF70-4C47-92ED-59B61EA36390}.Debug|Any CPU.ActiveCfg = Debug|Any CPU
		{B8423CA7-BF70-4C47-92ED-59B61EA36390}.Debug|Any CPU.Build.0 = Debug|Any CPU
		{B8423CA7-BF70-4C47-92ED-59B61EA36390}.Release|Any CPU.ActiveCfg = Release|Any CPU
		{B8423CA7-BF70-4C47-92ED-59B61EA36390}.Release|Any CPU.Build.0 = Release|Any CPU
		{FFAFE269-C948-4772-A8ED-75DDB392CDEF}.Debug|Any CPU.ActiveCfg = Debug|Any CPU
		{FFAFE269-C948-4772-A8ED-75DDB392CDEF}.Debug|Any CPU.Build.0 = Debug|Any CPU
		{FFAFE269-C948-4772-A8ED-75DDB392CDEF}.Release|Any CPU.ActiveCfg = Release|Any CPU
		{FFAFE269-C948-4772-A8ED-75DDB392CDEF}.Release|Any CPU.Build.0 = Release|Any CPU
		{57D740D1-4814-4D72-8F9B-A2CB575DE35F}.Debug|Any CPU.ActiveCfg = Debug|Any CPU
		{57D740D1-4814-4D72-8F9B-A2CB575DE35F}.Debug|Any CPU.Build.0 = Debug|Any CPU
		{57D740D1-4814-4D72-8F9B-A2CB575DE35F}.Release|Any CPU.ActiveCfg = Release|Any CPU
		{57D740D1-4814-4D72-8F9B-A2CB575DE35F}.Release|Any CPU.Build.0 = Release|Any CPU
		{383B4BC5-6EF0-452D-B5C0-2C1DA4ED02FC}.Debug|Any CPU.ActiveCfg = Debug|Any CPU
		{383B4BC5-6EF0-452D-B5C0-2C1DA4ED02FC}.Debug|Any CPU.Build.0 = Debug|Any CPU
		{383B4BC5-6EF0-452D-B5C0-2C1DA4ED02FC}.Release|Any CPU.ActiveCfg = Release|Any CPU
		{383B4BC5-6EF0-452D-B5C0-2C1DA4ED02FC}.Release|Any CPU.Build.0 = Release|Any CPU
		{CADAF5B6-9BAC-47CA-8087-BC8A83B8D529}.Debug|Any CPU.ActiveCfg = Debug|Any CPU
		{CADAF5B6-9BAC-47CA-8087-BC8A83B8D529}.Debug|Any CPU.Build.0 = Debug|Any CPU
		{CADAF5B6-9BAC-47CA-8087-BC8A83B8D529}.Release|Any CPU.ActiveCfg = Release|Any CPU
		{CADAF5B6-9BAC-47CA-8087-BC8A83B8D529}.Release|Any CPU.Build.0 = Release|Any CPU
		{C4C90C68-FB3D-4A02-B97B-31C2E503FC4E}.Debug|Any CPU.ActiveCfg = Debug|Any CPU
		{C4C90C68-FB3D-4A02-B97B-31C2E503FC4E}.Debug|Any CPU.Build.0 = Debug|Any CPU
		{C4C90C68-FB3D-4A02-B97B-31C2E503FC4E}.Release|Any CPU.ActiveCfg = Release|Any CPU
		{C4C90C68-FB3D-4A02-B97B-31C2E503FC4E}.Release|Any CPU.Build.0 = Release|Any CPU
		{81476FCD-2704-49C4-A4F7-F4EDB38FE21A}.Debug|Any CPU.ActiveCfg = Debug|Any CPU
		{81476FCD-2704-49C4-A4F7-F4EDB38FE21A}.Debug|Any CPU.Build.0 = Debug|Any CPU
		{81476FCD-2704-49C4-A4F7-F4EDB38FE21A}.Release|Any CPU.ActiveCfg = Release|Any CPU
		{81476FCD-2704-49C4-A4F7-F4EDB38FE21A}.Release|Any CPU.Build.0 = Release|Any CPU
	EndGlobalSection
	GlobalSection(SolutionProperties) = preSolution
		HideSolutionNode = FALSE
	EndGlobalSection
	GlobalSection(ExtensibilityGlobals) = postSolution
		SolutionGuid = {FD664339-1BB0-4754-AA1C-9FF91253E798}
	EndGlobalSection
EndGlobal
