
Microsoft Visual Studio Solution File, Format Version 12.00
# Visual Studio Version 17
VisualStudioVersion = 17.10.34928.147
MinimumVisualStudioVersion = 10.0.40219.1
Project("{FAE04EC0-301F-11D3-BF4B-00C04F79EFBC}") = "01. Reverse Strings", "01. Reverse Strings\01. Reverse Strings.csproj", "{EC19BB03-2E86-407B-A7D5-CB5E6D3791B9}"
EndProject
Project("{FAE04EC0-301F-11D3-BF4B-00C04F79EFBC}") = "02. Repeat Strings", "02. Repeat Strings\02. Repeat Strings.csproj", "{36721E65-A978-46A1-86A2-4EAAB6299F37}"
EndProject
Project("{FAE04EC0-301F-11D3-BF4B-00C04F79EFBC}") = "03. Substring", "03. Substring\03. Substring.csproj", "{BB09E0DF-9A8C-4AE5-842E-65DF829FE73E}"
EndProject
Project("{FAE04EC0-301F-11D3-BF4B-00C04F79EFBC}") = "04. Text Filter", "04. Text Filter\04. Text Filter.csproj", "{47E1F19C-BBDC-4139-A163-4F721FCADE99}"
EndProject
Project("{FAE04EC0-301F-11D3-BF4B-00C04F79EFBC}") = "05. Digits, Letters and Other", "05. Digits, Letters and Other\05. Digits, Letters and Other.csproj", "{72A9D171-9FA0-4FB3-9C69-C9830AE02340}"
EndProject
Global
	GlobalSection(SolutionConfigurationPlatforms) = preSolution
		Debug|Any CPU = Debug|Any CPU
		Release|Any CPU = Release|Any CPU
	EndGlobalSection
	GlobalSection(ProjectConfigurationPlatforms) = postSolution
		{EC19BB03-2E86-407B-A7D5-CB5E6D3791B9}.Debug|Any CPU.ActiveCfg = Debug|Any CPU
		{EC19BB03-2E86-407B-A7D5-CB5E6D3791B9}.Debug|Any CPU.Build.0 = Debug|Any CPU
		{EC19BB03-2E86-407B-A7D5-CB5E6D3791B9}.Release|Any CPU.ActiveCfg = Release|Any CPU
		{EC19BB03-2E86-407B-A7D5-CB5E6D3791B9}.Release|Any CPU.Build.0 = Release|Any CPU
		{36721E65-A978-46A1-86A2-4EAAB6299F37}.Debug|Any CPU.ActiveCfg = Debug|Any CPU
		{36721E65-A978-46A1-86A2-4EAAB6299F37}.Debug|Any CPU.Build.0 = Debug|Any CPU
		{36721E65-A978-46A1-86A2-4EAAB6299F37}.Release|Any CPU.ActiveCfg = Release|Any CPU
		{36721E65-A978-46A1-86A2-4EAAB6299F37}.Release|Any CPU.Build.0 = Release|Any CPU
		{BB09E0DF-9A8C-4AE5-842E-65DF829FE73E}.Debug|Any CPU.ActiveCfg = Debug|Any CPU
		{BB09E0DF-9A8C-4AE5-842E-65DF829FE73E}.Debug|Any CPU.Build.0 = Debug|Any CPU
		{BB09E0DF-9A8C-4AE5-842E-65DF829FE73E}.Release|Any CPU.ActiveCfg = Release|Any CPU
		{BB09E0DF-9A8C-4AE5-842E-65DF829FE73E}.Release|Any CPU.Build.0 = Release|Any CPU
		{47E1F19C-BBDC-4139-A163-4F721FCADE99}.Debug|Any CPU.ActiveCfg = Debug|Any CPU
		{47E1F19C-BBDC-4139-A163-4F721FCADE99}.Debug|Any CPU.Build.0 = Debug|Any CPU
		{47E1F19C-BBDC-4139-A163-4F721FCADE99}.Release|Any CPU.ActiveCfg = Release|Any CPU
		{47E1F19C-BBDC-4139-A163-4F721FCADE99}.Release|Any CPU.Build.0 = Release|Any CPU
		{72A9D171-9FA0-4FB3-9C69-C9830AE02340}.Debug|Any CPU.ActiveCfg = Debug|Any CPU
		{72A9D171-9FA0-4FB3-9C69-C9830AE02340}.Debug|Any CPU.Build.0 = Debug|Any CPU
		{72A9D171-9FA0-4FB3-9C69-C9830AE02340}.Release|Any CPU.ActiveCfg = Release|Any CPU
		{72A9D171-9FA0-4FB3-9C69-C9830AE02340}.Release|Any CPU.Build.0 = Release|Any CPU
	EndGlobalSection
	GlobalSection(SolutionProperties) = preSolution
		HideSolutionNode = FALSE
	EndGlobalSection
	GlobalSection(ExtensibilityGlobals) = postSolution
		SolutionGuid = {52B7D492-6D3F-4151-8B2D-EF0490983A8F}
	EndGlobalSection
EndGlobal
